
Microsoft Visual Studio Solution File, Format Version 12.00
# Visual Studio Version 17
VisualStudioVersion = 17.8.34525.116
MinimumVisualStudioVersion = 10.0.40219.1
Project("{FAE04EC0-301F-11D3-BF4B-00C04F79EFBC}") = "Garden", "Garden.csproj", "{BF5E176D-5636-4E5F-857D-2C8B59CA5046}"
EndProject
Global
	GlobalSection(SolutionConfigurationPlatforms) = preSolution
		Debug|Any CPU = Debug|Any CPU
		Release|Any CPU = Release|Any CPU
	EndGlobalSection
	GlobalSection(ProjectConfigurationPlatforms) = postSolution
		{BF5E176D-5636-4E5F-857D-2C8B59CA5046}.Debug|Any CPU.ActiveCfg = Debug|Any CPU
		{BF5E176D-5636-4E5F-857D-2C8B59CA5046}.Debug|Any CPU.Build.0 = Debug|Any CPU
		{BF5E176D-5636-4E5F-857D-2C8B59CA5046}.Release|Any CPU.ActiveCfg = Release|Any CPU
		{BF5E176D-5636-4E5F-857D-2C8B59CA5046}.Release|Any CPU.Build.0 = Release|Any CPU
	EndGlobalSection
	GlobalSection(SolutionProperties) = preSolution
		HideSolutionNode = FALSE
	EndGlobalSection
	GlobalSection(ExtensibilityGlobals) = postSolution
		SolutionGuid = {22B639A4-D902-4245-98F1-75BE1570B0E1}
	EndGlobalSection
EndGlobal
