
Microsoft Visual Studio Solution File, Format Version 12.00
# Visual Studio Version 17
VisualStudioVersion = 17.9.34728.123
MinimumVisualStudioVersion = 10.0.40219.1
Project("{FAE04EC0-301F-11D3-BF4B-00C04F79EFBC}") = "Parliament", "Parliament.csproj", "{A6584765-0E21-4501-91AF-61D1B9AC29EB}"
EndProject
Global
	GlobalSection(SolutionConfigurationPlatforms) = preSolution
		Debug|Any CPU = Debug|Any CPU
		Release|Any CPU = Release|Any CPU
	EndGlobalSection
	GlobalSection(ProjectConfigurationPlatforms) = postSolution
		{A6584765-0E21-4501-91AF-61D1B9AC29EB}.Debug|Any CPU.ActiveCfg = Debug|Any CPU
		{A6584765-0E21-4501-91AF-61D1B9AC29EB}.Debug|Any CPU.Build.0 = Debug|Any CPU
		{A6584765-0E21-4501-91AF-61D1B9AC29EB}.Release|Any CPU.ActiveCfg = Release|Any CPU
		{A6584765-0E21-4501-91AF-61D1B9AC29EB}.Release|Any CPU.Build.0 = Release|Any CPU
	EndGlobalSection
	GlobalSection(SolutionProperties) = preSolution
		HideSolutionNode = FALSE
	EndGlobalSection
	GlobalSection(ExtensibilityGlobals) = postSolution
		SolutionGuid = {91BCED07-4536-4505-A778-52BD4680F133}
	EndGlobalSection
EndGlobal
